// !$*UTF8*$!
{
	archiveVersion = 1;
	classes = {
	};
	objectVersion = 56;
	objects = {

/* Begin PBXBuildFile section */
		74BB2B212AE81F0300DFF0F5 /* FuncCreation2App.swift in Sources */ = {isa = PBXBuildFile; fileRef = 74BB2B202AE81F0300DFF0F5 /* FuncCreation2App.swift */; };
		74BB2B232AE81F0300DFF0F5 /* ContentView.swift in Sources */ = {isa = PBXBuildFile; fileRef = 74BB2B222AE81F0300DFF0F5 /* ContentView.swift */; };
		74BB2B252AE81F0B00DFF0F5 /* Assets.xcassets in Resources */ = {isa = PBXBuildFile; fileRef = 74BB2B242AE81F0B00DFF0F5 /* Assets.xcassets */; };
		74BB2B282AE81F0B00DFF0F5 /* Preview Assets.xcassets in Resources */ = {isa = PBXBuildFile; fileRef = 74BB2B272AE81F0B00DFF0F5 /* Preview Assets.xcassets */; };
		74BB2B322AE81F0B00DFF0F5 /* FuncCreation2Tests.swift in Sources */ = {isa = PBXBuildFile; fileRef = 74BB2B312AE81F0B00DFF0F5 /* FuncCreation2Tests.swift */; };
		74BB2B3C2AE81F0B00DFF0F5 /* FuncCreation2UITests.swift in Sources */ = {isa = PBXBuildFile; fileRef = 74BB2B3B2AE81F0B00DFF0F5 /* FuncCreation2UITests.swift */; };
		74BB2B3E2AE81F0B00DFF0F5 /* FuncCreation2UITestsLaunchTests.swift in Sources */ = {isa = PBXBuildFile; fileRef = 74BB2B3D2AE81F0B00DFF0F5 /* FuncCreation2UITestsLaunchTests.swift */; };
/* End PBXBuildFile section */

/* Begin PBXContainerItemProxy section */
		74BB2B2E2AE81F0B00DFF0F5 /* PBXContainerItemProxy */ = {
			isa = PBXContainerItemProxy;
			containerPortal = 74BB2B152AE81F0300DFF0F5 /* Project object */;
			proxyType = 1;
			remoteGlobalIDString = 74BB2B1C2AE81F0300DFF0F5;
			remoteInfo = FuncCreation2;
		};
		74BB2B382AE81F0B00DFF0F5 /* PBXContainerItemProxy */ = {
			isa = PBXContainerItemProxy;
			containerPortal = 74BB2B152AE81F0300DFF0F5 /* Project object */;
			proxyType = 1;
			remoteGlobalIDString = 74BB2B1C2AE81F0300DFF0F5;
			remoteInfo = FuncCreation2;
		};
/* End PBXContainerItemProxy section */

/* Begin PBXFileReference section */
		74BB2B1D2AE81F0300DFF0F5 /* FuncCreation2.app */ = {isa = PBXFileReference; explicitFileType = wrapper.application; includeInIndex = 0; path = FuncCreation2.app; sourceTree = BUILT_PRODUCTS_DIR; };
		74BB2B202AE81F0300DFF0F5 /* FuncCreation2App.swift */ = {isa = PBXFileReference; lastKnownFileType = sourcecode.swift; path = FuncCreation2App.swift; sourceTree = "<group>"; };
		74BB2B222AE81F0300DFF0F5 /* ContentView.swift */ = {isa = PBXFileReference; lastKnownFileType = sourcecode.swift; path = ContentView.swift; sourceTree = "<group>"; };
		74BB2B242AE81F0B00DFF0F5 /* Assets.xcassets */ = {isa = PBXFileReference; lastKnownFileType = folder.assetcatalog; path = Assets.xcassets; sourceTree = "<group>"; };
		74BB2B272AE81F0B00DFF0F5 /* Preview Assets.xcassets */ = {isa = PBXFileReference; lastKnownFileType = folder.assetcatalog; path = "Preview Assets.xcassets"; sourceTree = "<group>"; };
		74BB2B2D2AE81F0B00DFF0F5 /* FuncCreation2Tests.xctest */ = {isa = PBXFileReference; explicitFileType = wrapper.cfbundle; includeInIndex = 0; path = FuncCreation2Tests.xctest; sourceTree = BUILT_PRODUCTS_DIR; };
		74BB2B312AE81F0B00DFF0F5 /* FuncCreation2Tests.swift */ = {isa = PBXFileReference; lastKnownFileType = sourcecode.swift; path = FuncCreation2Tests.swift; sourceTree = "<group>"; };
		74BB2B372AE81F0B00DFF0F5 /* FuncCreation2UITests.xctest */ = {isa = PBXFileReference; explicitFileType = wrapper.cfbundle; includeInIndex = 0; path = FuncCreation2UITests.xctest; sourceTree = BUILT_PRODUCTS_DIR; };
		74BB2B3B2AE81F0B00DFF0F5 /* FuncCreation2UITests.swift */ = {isa = PBXFileReference; lastKnownFileType = sourcecode.swift; path = FuncCreation2UITests.swift; sourceTree = "<group>"; };
		74BB2B3D2AE81F0B00DFF0F5 /* FuncCreation2UITestsLaunchTests.swift */ = {isa = PBXFileReference; lastKnownFileType = sourcecode.swift; path = FuncCreation2UITestsLaunchTests.swift; sourceTree = "<group>"; };
/* End PBXFileReference section */

/* Begin PBXFrameworksBuildPhase section */
		74BB2B1A2AE81F0300DFF0F5 /* Frameworks */ = {
			isa = PBXFrameworksBuildPhase;
			buildActionMask = 2147483647;
			files = (
			);
			runOnlyForDeploymentPostprocessing = 0;
		};
		74BB2B2A2AE81F0B00DFF0F5 /* Frameworks */ = {
			isa = PBXFrameworksBuildPhase;
			buildActionMask = 2147483647;
			files = (
			);
			runOnlyForDeploymentPostprocessing = 0;
		};
		74BB2B342AE81F0B00DFF0F5 /* Frameworks */ = {
			isa = PBXFrameworksBuildPhase;
			buildActionMask = 2147483647;
			files = (
			);
			runOnlyForDeploymentPostprocessing = 0;
		};
/* End PBXFrameworksBuildPhase section */

/* Begin PBXGroup section */
		74BB2B142AE81F0300DFF0F5 = {
			isa = PBXGroup;
			children = (
				74BB2B1F2AE81F0300DFF0F5 /* FuncCreation2 */,
				74BB2B302AE81F0B00DFF0F5 /* FuncCreation2Tests */,
				74BB2B3A2AE81F0B00DFF0F5 /* FuncCreation2UITests */,
				74BB2B1E2AE81F0300DFF0F5 /* Products */,
			);
			sourceTree = "<group>";
		};
		74BB2B1E2AE81F0300DFF0F5 /* Products */ = {
			isa = PBXGroup;
			children = (
				74BB2B1D2AE81F0300DFF0F5 /* FuncCreation2.app */,
				74BB2B2D2AE81F0B00DFF0F5 /* FuncCreation2Tests.xctest */,
				74BB2B372AE81F0B00DFF0F5 /* FuncCreation2UITests.xctest */,
			);
			name = Products;
			sourceTree = "<group>";
		};
		74BB2B1F2AE81F0300DFF0F5 /* FuncCreation2 */ = {
			isa = PBXGroup;
			children = (
				74BB2B202AE81F0300DFF0F5 /* FuncCreation2App.swift */,
				74BB2B222AE81F0300DFF0F5 /* ContentView.swift */,
				74BB2B242AE81F0B00DFF0F5 /* Assets.xcassets */,
				74BB2B262AE81F0B00DFF0F5 /* Preview Content */,
			);
			path = FuncCreation2;
			sourceTree = "<group>";
		};
		74BB2B262AE81F0B00DFF0F5 /* Preview Content */ = {
			isa = PBXGroup;
			children = (
				74BB2B272AE81F0B00DFF0F5 /* Preview Assets.xcassets */,
			);
			path = "Preview Content";
			sourceTree = "<group>";
		};
		74BB2B302AE81F0B00DFF0F5 /* FuncCreation2Tests */ = {
			isa = PBXGroup;
			children = (
				74BB2B312AE81F0B00DFF0F5 /* FuncCreation2Tests.swift */,
			);
			path = FuncCreation2Tests;
			sourceTree = "<group>";
		};
		74BB2B3A2AE81F0B00DFF0F5 /* FuncCreation2UITests */ = {
			isa = PBXGroup;
			children = (
				74BB2B3B2AE81F0B00DFF0F5 /* FuncCreation2UITests.swift */,
				74BB2B3D2AE81F0B00DFF0F5 /* FuncCreation2UITestsLaunchTests.swift */,
			);
			path = FuncCreation2UITests;
			sourceTree = "<group>";
		};
/* End PBXGroup section */

/* Begin PBXNativeTarget section */
		74BB2B1C2AE81F0300DFF0F5 /* FuncCreation2 */ = {
			isa = PBXNativeTarget;
			buildConfigurationList = 74BB2B412AE81F0B00DFF0F5 /* Build configuration list for PBXNativeTarget "FuncCreation2" */;
			buildPhases = (
				74BB2B192AE81F0300DFF0F5 /* Sources */,
				74BB2B1A2AE81F0300DFF0F5 /* Frameworks */,
				74BB2B1B2AE81F0300DFF0F5 /* Resources */,
			);
			buildRules = (
			);
			dependencies = (
			);
			name = FuncCreation2;
			productName = FuncCreation2;
			productReference = 74BB2B1D2AE81F0300DFF0F5 /* FuncCreation2.app */;
			productType = "com.apple.product-type.application";
		};
		74BB2B2C2AE81F0B00DFF0F5 /* FuncCreation2Tests */ = {
			isa = PBXNativeTarget;
			buildConfigurationList = 74BB2B442AE81F0B00DFF0F5 /* Build configuration list for PBXNativeTarget "FuncCreation2Tests" */;
			buildPhases = (
				74BB2B292AE81F0B00DFF0F5 /* Sources */,
				74BB2B2A2AE81F0B00DFF0F5 /* Frameworks */,
				74BB2B2B2AE81F0B00DFF0F5 /* Resources */,
			);
			buildRules = (
			);
			dependencies = (
				74BB2B2F2AE81F0B00DFF0F5 /* PBXTargetDependency */,
			);
			name = FuncCreation2Tests;
			productName = FuncCreation2Tests;
			productReference = 74BB2B2D2AE81F0B00DFF0F5 /* FuncCreation2Tests.xctest */;
			productType = "com.apple.product-type.bundle.unit-test";
		};
		74BB2B362AE81F0B00DFF0F5 /* FuncCreation2UITests */ = {
			isa = PBXNativeTarget;
			buildConfigurationList = 74BB2B472AE81F0B00DFF0F5 /* Build configuration list for PBXNativeTarget "FuncCreation2UITests" */;
			buildPhases = (
				74BB2B332AE81F0B00DFF0F5 /* Sources */,
				74BB2B342AE81F0B00DFF0F5 /* Frameworks */,
				74BB2B352AE81F0B00DFF0F5 /* Resources */,
			);
			buildRules = (
			);
			dependencies = (
				74BB2B392AE81F0B00DFF0F5 /* PBXTargetDependency */,
			);
			name = FuncCreation2UITests;
			productName = FuncCreation2UITests;
			productReference = 74BB2B372AE81F0B00DFF0F5 /* FuncCreation2UITests.xctest */;
			productType = "com.apple.product-type.bundle.ui-testing";
		};
/* End PBXNativeTarget section */

/* Begin PBXProject section */
		74BB2B152AE81F0300DFF0F5 /* Project object */ = {
			isa = PBXProject;
			attributes = {
				BuildIndependentTargetsInParallel = 1;
				LastSwiftUpdateCheck = 1500;
				LastUpgradeCheck = 1500;
				TargetAttributes = {
					74BB2B1C2AE81F0300DFF0F5 = {
						CreatedOnToolsVersion = 15.0.1;
					};
					74BB2B2C2AE81F0B00DFF0F5 = {
						CreatedOnToolsVersion = 15.0.1;
						TestTargetID = 74BB2B1C2AE81F0300DFF0F5;
					};
					74BB2B362AE81F0B00DFF0F5 = {
						CreatedOnToolsVersion = 15.0.1;
						TestTargetID = 74BB2B1C2AE81F0300DFF0F5;
					};
				};
			};
			buildConfigurationList = 74BB2B182AE81F0300DFF0F5 /* Build configuration list for PBXProject "FuncCreation2" */;
			compatibilityVersion = "Xcode 14.0";
			developmentRegion = en;
			hasScannedForEncodings = 0;
			knownRegions = (
				en,
				Base,
			);
			mainGroup = 74BB2B142AE81F0300DFF0F5;
			productRefGroup = 74BB2B1E2AE81F0300DFF0F5 /* Products */;
			projectDirPath = "";
			projectRoot = "";
			targets = (
				74BB2B1C2AE81F0300DFF0F5 /* FuncCreation2 */,
				74BB2B2C2AE81F0B00DFF0F5 /* FuncCreation2Tests */,
				74BB2B362AE81F0B00DFF0F5 /* FuncCreation2UITests */,
			);
		};
/* End PBXProject section */

/* Begin PBXResourcesBuildPhase section */
		74BB2B1B2AE81F0300DFF0F5 /* Resources */ = {
			isa = PBXResourcesBuildPhase;
			buildActionMask = 2147483647;
			files = (
				74BB2B282AE81F0B00DFF0F5 /* Preview Assets.xcassets in Resources */,
				74BB2B252AE81F0B00DFF0F5 /* Assets.xcassets in Resources */,
			);
			runOnlyForDeploymentPostprocessing = 0;
		};
		74BB2B2B2AE81F0B00DFF0F5 /* Resources */ = {
			isa = PBXResourcesBuildPhase;
			buildActionMask = 2147483647;
			files = (
			);
			runOnlyForDeploymentPostprocessing = 0;
		};
		74BB2B352AE81F0B00DFF0F5 /* Resources */ = {
			isa = PBXResourcesBuildPhase;
			buildActionMask = 2147483647;
			files = (
			);
			runOnlyForDeploymentPostprocessing = 0;
		};
/* End PBXResourcesBuildPhase section */

/* Begin PBXSourcesBuildPhase section */
		74BB2B192AE81F0300DFF0F5 /* Sources */ = {
			isa = PBXSourcesBuildPhase;
			buildActionMask = 2147483647;
			files = (
				74BB2B232AE81F0300DFF0F5 /* ContentView.swift in Sources */,
				74BB2B212AE81F0300DFF0F5 /* FuncCreation2App.swift in Sources */,
			);
			runOnlyForDeploymentPostprocessing = 0;
		};
		74BB2B292AE81F0B00DFF0F5 /* Sources */ = {
			isa = PBXSourcesBuildPhase;
			buildActionMask = 2147483647;
			files = (
				74BB2B322AE81F0B00DFF0F5 /* FuncCreation2Tests.swift in Sources */,
			);
			runOnlyForDeploymentPostprocessing = 0;
		};
		74BB2B332AE81F0B00DFF0F5 /* Sources */ = {
			isa = PBXSourcesBuildPhase;
			buildActionMask = 2147483647;
			files = (
				74BB2B3E2AE81F0B00DFF0F5 /* FuncCreation2UITestsLaunchTests.swift in Sources */,
				74BB2B3C2AE81F0B00DFF0F5 /* FuncCreation2UITests.swift in Sources */,
			);
			runOnlyForDeploymentPostprocessing = 0;
		};
/* End PBXSourcesBuildPhase section */

/* Begin PBXTargetDependency section */
		74BB2B2F2AE81F0B00DFF0F5 /* PBXTargetDependency */ = {
			isa = PBXTargetDependency;
			target = 74BB2B1C2AE81F0300DFF0F5 /* FuncCreation2 */;
			targetProxy = 74BB2B2E2AE81F0B00DFF0F5 /* PBXContainerItemProxy */;
		};
		74BB2B392AE81F0B00DFF0F5 /* PBXTargetDependency */ = {
			isa = PBXTargetDependency;
			target = 74BB2B1C2AE81F0300DFF0F5 /* FuncCreation2 */;
			targetProxy = 74BB2B382AE81F0B00DFF0F5 /* PBXContainerItemProxy */;
		};
/* End PBXTargetDependency section */

/* Begin XCBuildConfiguration section */
		74BB2B3F2AE81F0B00DFF0F5 /* Debug */ = {
			isa = XCBuildConfiguration;
			buildSettings = {
				ALWAYS_SEARCH_USER_PATHS = NO;
				ASSETCATALOG_COMPILER_GENERATE_SWIFT_ASSET_SYMBOL_EXTENSIONS = YES;
				CLANG_ANALYZER_NONNULL = YES;
				CLANG_ANALYZER_NUMBER_OBJECT_CONVERSION = YES_AGGRESSIVE;
				CLANG_CXX_LANGUAGE_STANDARD = "gnu++20";
				CLANG_ENABLE_MODULES = YES;
				CLANG_ENABLE_OBJC_ARC = YES;
				CLANG_ENABLE_OBJC_WEAK = YES;
				CLANG_WARN_BLOCK_CAPTURE_AUTORELEASING = YES;
				CLANG_WARN_BOOL_CONVERSION = YES;
				CLANG_WARN_COMMA = YES;
				CLANG_WARN_CONSTANT_CONVERSION = YES;
				CLANG_WARN_DEPRECATED_OBJC_IMPLEMENTATIONS = YES;
				CLANG_WARN_DIRECT_OBJC_ISA_USAGE = YES_ERROR;
				CLANG_WARN_DOCUMENTATION_COMMENTS = YES;
				CLANG_WARN_EMPTY_BODY = YES;
				CLANG_WARN_ENUM_CONVERSION = YES;
				CLANG_WARN_INFINITE_RECURSION = YES;
				CLANG_WARN_INT_CONVERSION = YES;
				CLANG_WARN_NON_LITERAL_NULL_CONVERSION = YES;
				CLANG_WARN_OBJC_IMPLICIT_RETAIN_SELF = YES;
				CLANG_WARN_OBJC_LITERAL_CONVERSION = YES;
				CLANG_WARN_OBJC_ROOT_CLASS = YES_ERROR;
				CLANG_WARN_QUOTED_INCLUDE_IN_FRAMEWORK_HEADER = YES;
				CLANG_WARN_RANGE_LOOP_ANALYSIS = YES;
				CLANG_WARN_STRICT_PROTOTYPES = YES;
				CLANG_WARN_SUSPICIOUS_MOVE = YES;
				CLANG_WARN_UNGUARDED_AVAILABILITY = YES_AGGRESSIVE;
				CLANG_WARN_UNREACHABLE_CODE = YES;
				CLANG_WARN__DUPLICATE_METHOD_MATCH = YES;
				COPY_PHASE_STRIP = NO;
				DEBUG_INFORMATION_FORMAT = dwarf;
				ENABLE_STRICT_OBJC_MSGSEND = YES;
				ENABLE_TESTABILITY = YES;
				ENABLE_USER_SCRIPT_SANDBOXING = YES;
				GCC_C_LANGUAGE_STANDARD = gnu17;
				GCC_DYNAMIC_NO_PIC = NO;
				GCC_NO_COMMON_BLOCKS = YES;
				GCC_OPTIMIZATION_LEVEL = 0;
				GCC_PREPROCESSOR_DEFINITIONS = (
					"DEBUG=1",
					"$(inherited)",
				);
				GCC_WARN_64_TO_32_BIT_CONVERSION = YES;
				GCC_WARN_ABOUT_RETURN_TYPE = YES_ERROR;
				GCC_WARN_UNDECLARED_SELECTOR = YES;
				GCC_WARN_UNINITIALIZED_AUTOS = YES_AGGRESSIVE;
				GCC_WARN_UNUSED_FUNCTION = YES;
				GCC_WARN_UNUSED_VARIABLE = YES;
				IPHONEOS_DEPLOYMENT_TARGET = 17.0;
				LOCALIZATION_PREFERS_STRING_CATALOGS = YES;
				MTL_ENABLE_DEBUG_INFO = INCLUDE_SOURCE;
				MTL_FAST_MATH = YES;
				ONLY_ACTIVE_ARCH = YES;
				SDKROOT = iphoneos;
				SWIFT_ACTIVE_COMPILATION_CONDITIONS = "DEBUG $(inherited)";
				SWIFT_OPTIMIZATION_LEVEL = "-Onone";
			};
			name = Debug;
		};
		74BB2B402AE81F0B00DFF0F5 /* Release */ = {
			isa = XCBuildConfiguration;
			buildSettings = {
				ALWAYS_SEARCH_USER_PATHS = NO;
				ASSETCATALOG_COMPILER_GENERATE_SWIFT_ASSET_SYMBOL_EXTENSIONS = YES;
				CLANG_ANALYZER_NONNULL = YES;
				CLANG_ANALYZER_NUMBER_OBJECT_CONVERSION = YES_AGGRESSIVE;
				CLANG_CXX_LANGUAGE_STANDARD = "gnu++20";
				CLANG_ENABLE_MODULES = YES;
				CLANG_ENABLE_OBJC_ARC = YES;
				CLANG_ENABLE_OBJC_WEAK = YES;
				CLANG_WARN_BLOCK_CAPTURE_AUTORELEASING = YES;
				CLANG_WARN_BOOL_CONVERSION = YES;
				CLANG_WARN_COMMA = YES;
				CLANG_WARN_CONSTANT_CONVERSION = YES;
				CLANG_WARN_DEPRECATED_OBJC_IMPLEMENTATIONS = YES;
				CLANG_WARN_DIRECT_OBJC_ISA_USAGE = YES_ERROR;
				CLANG_WARN_DOCUMENTATION_COMMENTS = YES;
				CLANG_WARN_EMPTY_BODY = YES;
				CLANG_WARN_ENUM_CONVERSION = YES;
				CLANG_WARN_INFINITE_RECURSION = YES;
				CLANG_WARN_INT_CONVERSION = YES;
				CLANG_WARN_NON_LITERAL_NULL_CONVERSION = YES;
				CLANG_WARN_OBJC_IMPLICIT_RETAIN_SELF = YES;
				CLANG_WARN_OBJC_LITERAL_CONVERSION = YES;
				CLANG_WARN_OBJC_ROOT_CLASS = YES_ERROR;
				CLANG_WARN_QUOTED_INCLUDE_IN_FRAMEWORK_HEADER = YES;
				CLANG_WARN_RANGE_LOOP_ANALYSIS = YES;
				CLANG_WARN_STRICT_PROTOTYPES = YES;
				CLANG_WARN_SUSPICIOUS_MOVE = YES;
				CLANG_WARN_UNGUARDED_AVAILABILITY = YES_AGGRESSIVE;
				CLANG_WARN_UNREACHABLE_CODE = YES;
				CLANG_WARN__DUPLICATE_METHOD_MATCH = YES;
				COPY_PHASE_STRIP = NO;
				DEBUG_INFORMATION_FORMAT = "dwarf-with-dsym";
				ENABLE_NS_ASSERTIONS = NO;
				ENABLE_STRICT_OBJC_MSGSEND = YES;
				ENABLE_USER_SCRIPT_SANDBOXING = YES;
				GCC_C_LANGUAGE_STANDARD = gnu17;
				GCC_NO_COMMON_BLOCKS = YES;
				GCC_WARN_64_TO_32_BIT_CONVERSION = YES;
				GCC_WARN_ABOUT_RETURN_TYPE = YES_ERROR;
				GCC_WARN_UNDECLARED_SELECTOR = YES;
				GCC_WARN_UNINITIALIZED_AUTOS = YES_AGGRESSIVE;
				GCC_WARN_UNUSED_FUNCTION = YES;
				GCC_WARN_UNUSED_VARIABLE = YES;
				IPHONEOS_DEPLOYMENT_TARGET = 17.0;
				LOCALIZATION_PREFERS_STRING_CATALOGS = YES;
				MTL_ENABLE_DEBUG_INFO = NO;
				MTL_FAST_MATH = YES;
				SDKROOT = iphoneos;
				SWIFT_COMPILATION_MODE = wholemodule;
				VALIDATE_PRODUCT = YES;
			};
			name = Release;
		};
		74BB2B422AE81F0B00DFF0F5 /* Debug */ = {
			isa = XCBuildConfiguration;
			buildSettings = {
				ASSETCATALOG_COMPILER_APPICON_NAME = AppIcon;
				ASSETCATALOG_COMPILER_GLOBAL_ACCENT_COLOR_NAME = AccentColor;
				CODE_SIGN_STYLE = Automatic;
				CURRENT_PROJECT_VERSION = 1;
				DEVELOPMENT_ASSET_PATHS = "\"FuncCreation2/Preview Content\"";
				DEVELOPMENT_TEAM = 3GP25G7FT2;
				ENABLE_PREVIEWS = YES;
				GENERATE_INFOPLIST_FILE = YES;
				INFOPLIST_KEY_UIApplicationSceneManifest_Generation = YES;
				INFOPLIST_KEY_UIApplicationSupportsIndirectInputEvents = YES;
				INFOPLIST_KEY_UILaunchScreen_Generation = YES;
				INFOPLIST_KEY_UISupportedInterfaceOrientations_iPad = "UIInterfaceOrientationPortrait UIInterfaceOrientationPortraitUpsideDown UIInterfaceOrientationLandscapeLeft UIInterfaceOrientationLandscapeRight";
				INFOPLIST_KEY_UISupportedInterfaceOrientations_iPhone = "UIInterfaceOrientationPortrait UIInterfaceOrientationLandscapeLeft UIInterfaceOrientationLandscapeRight";
				LD_RUNPATH_SEARCH_PATHS = (
					"$(inherited)",
					"@executable_path/Frameworks",
				);
				MARKETING_VERSION = 1.0;
				PRODUCT_BUNDLE_IDENTIFIER = com.wiktorg.FuncCreation2;
				PRODUCT_NAME = "$(TARGET_NAME)";
				SWIFT_EMIT_LOC_STRINGS = YES;
				SWIFT_VERSION = 5.0;
				TARGETED_DEVICE_FAMILY = "1,2";
			};
			name = Debug;
		};
		74BB2B432AE81F0B00DFF0F5 /* Release */ = {
			isa = XCBuildConfiguration;
			buildSettings = {
				ASSETCATALOG_COMPILER_APPICON_NAME = AppIcon;
				ASSETCATALOG_COMPILER_GLOBAL_ACCENT_COLOR_NAME = AccentColor;
				CODE_SIGN_STYLE = Automatic;
				CURRENT_PROJECT_VERSION = 1;
				DEVELOPMENT_ASSET_PATHS = "\"FuncCreation2/Preview Content\"";
				DEVELOPMENT_TEAM = 3GP25G7FT2;
				ENABLE_PREVIEWS = YES;
				GENERATE_INFOPLIST_FILE = YES;
				INFOPLIST_KEY_UIApplicationSceneManifest_Generation = YES;
				INFOPLIST_KEY_UIApplicationSupportsIndirectInputEvents = YES;
				INFOPLIST_KEY_UILaunchScreen_Generation = YES;
				INFOPLIST_KEY_UISupportedInterfaceOrientations_iPad = "UIInterfaceOrientationPortrait UIInterfaceOrientationPortraitUpsideDown UIInterfaceOrientationLandscapeLeft UIInterfaceOrientationLandscapeRight";
				INFOPLIST_KEY_UISupportedInterfaceOrientations_iPhone = "UIInterfaceOrientationPortrait UIInterfaceOrientationLandscapeLeft UIInterfaceOrientationLandscapeRight";
				LD_RUNPATH_SEARCH_PATHS = (
					"$(inherited)",
					"@executable_path/Frameworks",
				);
				MARKETING_VERSION = 1.0;
				PRODUCT_BUNDLE_IDENTIFIER = com.wiktorg.FuncCreation2;
				PRODUCT_NAME = "$(TARGET_NAME)";
				SWIFT_EMIT_LOC_STRINGS = YES;
				SWIFT_VERSION = 5.0;
				TARGETED_DEVICE_FAMILY = "1,2";
			};
			name = Release;
		};
		74BB2B452AE81F0B00DFF0F5 /* Debug */ = {
			isa = XCBuildConfiguration;
			buildSettings = {
				ALWAYS_EMBED_SWIFT_STANDARD_LIBRARIES = YES;
				BUNDLE_LOADER = "$(TEST_HOST)";
				CODE_SIGN_STYLE = Automatic;
				CURRENT_PROJECT_VERSION = 1;
				DEVELOPMENT_TEAM = 3GP25G7FT2;
				GENERATE_INFOPLIST_FILE = YES;
				IPHONEOS_DEPLOYMENT_TARGET = 17.0;
				MARKETING_VERSION = 1.0;
				PRODUCT_BUNDLE_IDENTIFIER = com.wiktorg.FuncCreation2Tests;
				PRODUCT_NAME = "$(TARGET_NAME)";
				SWIFT_EMIT_LOC_STRINGS = NO;
				SWIFT_VERSION = 5.0;
				TARGETED_DEVICE_FAMILY = "1,2";
				TEST_HOST = "$(BUILT_PRODUCTS_DIR)/FuncCreation2.app/$(BUNDLE_EXECUTABLE_FOLDER_PATH)/FuncCreation2";
			};
			name = Debug;
		};
		74BB2B462AE81F0B00DFF0F5 /* Release */ = {
			isa = XCBuildConfiguration;
			buildSettings = {
				ALWAYS_EMBED_SWIFT_STANDARD_LIBRARIES = YES;
				BUNDLE_LOADER = "$(TEST_HOST)";
				CODE_SIGN_STYLE = Automatic;
				CURRENT_PROJECT_VERSION = 1;
				DEVELOPMENT_TEAM = 3GP25G7FT2;
				GENERATE_INFOPLIST_FILE = YES;
				IPHONEOS_DEPLOYMENT_TARGET = 17.0;
				MARKETING_VERSION = 1.0;
				PRODUCT_BUNDLE_IDENTIFIER = com.wiktorg.FuncCreation2Tests;
				PRODUCT_NAME = "$(TARGET_NAME)";
				SWIFT_EMIT_LOC_STRINGS = NO;
				SWIFT_VERSION = 5.0;
				TARGETED_DEVICE_FAMILY = "1,2";
				TEST_HOST = "$(BUILT_PRODUCTS_DIR)/FuncCreation2.app/$(BUNDLE_EXECUTABLE_FOLDER_PATH)/FuncCreation2";
			};
			name = Release;
		};
		74BB2B482AE81F0B00DFF0F5 /* Debug */ = {
			isa = XCBuildConfiguration;
			buildSettings = {
				ALWAYS_EMBED_SWIFT_STANDARD_LIBRARIES = YES;
				CODE_SIGN_STYLE = Automatic;
				CURRENT_PROJECT_VERSION = 1;
				DEVELOPMENT_TEAM = 3GP25G7FT2;
				GENERATE_INFOPLIST_FILE = YES;
				MARKETING_VERSION = 1.0;
				PRODUCT_BUNDLE_IDENTIFIER = com.wiktorg.FuncCreation2UITests;
				PRODUCT_NAME = "$(TARGET_NAME)";
				SWIFT_EMIT_LOC_STRINGS = NO;
				SWIFT_VERSION = 5.0;
				TARGETED_DEVICE_FAMILY = "1,2";
				TEST_TARGET_NAME = FuncCreation2;
			};
			name = Debug;
		};
		74BB2B492AE81F0B00DFF0F5 /* Release */ = {
			isa = XCBuildConfiguration;
			buildSettings = {
				ALWAYS_EMBED_SWIFT_STANDARD_LIBRARIES = YES;
				CODE_SIGN_STYLE = Automatic;
				CURRENT_PROJECT_VERSION = 1;
				DEVELOPMENT_TEAM = 3GP25G7FT2;
				GENERATE_INFOPLIST_FILE = YES;
				MARKETING_VERSION = 1.0;
				PRODUCT_BUNDLE_IDENTIFIER = com.wiktorg.FuncCreation2UITests;
				PRODUCT_NAME = "$(TARGET_NAME)";
				SWIFT_EMIT_LOC_STRINGS = NO;
				SWIFT_VERSION = 5.0;
				TARGETED_DEVICE_FAMILY = "1,2";
				TEST_TARGET_NAME = FuncCreation2;
			};
			name = Release;
		};
/* End XCBuildConfiguration section */

/* Begin XCConfigurationList section */
		74BB2B182AE81F0300DFF0F5 /* Build configuration list for PBXProject "FuncCreation2" */ = {
			isa = XCConfigurationList;
			buildConfigurations = (
				74BB2B3F2AE81F0B00DFF0F5 /* Debug */,
				74BB2B402AE81F0B00DFF0F5 /* Release */,
			);
			defaultConfigurationIsVisible = 0;
			defaultConfigurationName = Release;
		};
		74BB2B412AE81F0B00DFF0F5 /* Build configuration list for PBXNativeTarget "FuncCreation2" */ = {
			isa = XCConfigurationList;
			buildConfigurations = (
				74BB2B422AE81F0B00DFF0F5 /* Debug */,
				74BB2B432AE81F0B00DFF0F5 /* Release */,
			);
			defaultConfigurationIsVisible = 0;
			defaultConfigurationName = Release;
		};
		74BB2B442AE81F0B00DFF0F5 /* Build configuration list for PBXNativeTarget "FuncCreation2Tests" */ = {
			isa = XCConfigurationList;
			buildConfigurations = (
				74BB2B452AE81F0B00DFF0F5 /* Debug */,
				74BB2B462AE81F0B00DFF0F5 /* Release */,
			);
			defaultConfigurationIsVisible = 0;
			defaultConfigurationName = Release;
		};
		74BB2B472AE81F0B00DFF0F5 /* Build configuration list for PBXNativeTarget "FuncCreation2UITests" */ = {
			isa = XCConfigurationList;
			buildConfigurations = (
				74BB2B482AE81F0B00DFF0F5 /* Debug */,
				74BB2B492AE81F0B00DFF0F5 /* Release */,
			);
			defaultConfigurationIsVisible = 0;
			defaultConfigurationName = Release;
		};
/* End XCConfigurationList section */
	};
	rootObject = 74BB2B152AE81F0300DFF0F5 /* Project object */;
}
